
Microsoft Visual Studio Solution File, Format Version 12.00
# Visual Studio Version 17
VisualStudioVersion = 17.9.34622.214
MinimumVisualStudioVersion = 10.0.40219.1
Project("{FAE04EC0-301F-11D3-BF4B-00C04F79EFBC}") = "wms-back-end", "wms-back-end.csproj", "{0950B3FE-AD96-4A1D-ADBA-DA58FC19F397}"
EndProject
Global
	GlobalSection(SolutionConfigurationPlatforms) = preSolution
		Debug|Any CPU = Debug|Any CPU
		Release|Any CPU = Release|Any CPU
	EndGlobalSection
	GlobalSection(ProjectConfigurationPlatforms) = postSolution
		{0950B3FE-AD96-4A1D-ADBA-DA58FC19F397}.Debug|Any CPU.ActiveCfg = Debug|Any CPU
		{0950B3FE-AD96-4A1D-ADBA-DA58FC19F397}.Debug|Any CPU.Build.0 = Debug|Any CPU
		{0950B3FE-AD96-4A1D-ADBA-DA58FC19F397}.Release|Any CPU.ActiveCfg = Release|Any CPU
		{0950B3FE-AD96-4A1D-ADBA-DA58FC19F397}.Release|Any CPU.Build.0 = Release|Any CPU
	EndGlobalSection
	GlobalSection(SolutionProperties) = preSolution
		HideSolutionNode = FALSE
	EndGlobalSection
	GlobalSection(ExtensibilityGlobals) = postSolution
		SolutionGuid = {CA22D4CE-27E0-4599-89F4-3A42C2FF59B2}
	EndGlobalSection
EndGlobal
